
Microsoft Visual Studio Solution File, Format Version 12.00
# Visual Studio Version 17
VisualStudioVersion = 17.1.32328.378
MinimumVisualStudioVersion = 10.0.40219.1
Project("{9A19103F-16F7-4668-BE54-9A1E7A4F7556}") = "BatchRename_v2", "BatchRename_v2\BatchRename_v2.csproj", "{2434A8B2-4FA3-4238-8B8F-98B492616FC8}"
EndProject
Project("{2150E333-8FDC-42A3-9474-1A3956D46DE8}") = "Rules", "Rules", "{6A1A5F7A-0192-40A9-A1DF-0E97BA8356E3}"
EndProject
Project("{2150E333-8FDC-42A3-9474-1A3956D46DE8}") = "Editable Rules", "Editable Rules", "{C783D79B-F86E-474C-A45F-ED3456812C41}"
EndProject
Project("{2150E333-8FDC-42A3-9474-1A3956D46DE8}") = "Non-editable Rules", "Non-editable Rules", "{F9DFF9BE-23A1-44CD-996C-BB88DC5A41BD}"
EndProject
Project("{2150E333-8FDC-42A3-9474-1A3956D46DE8}") = "Main Rule", "Main Rule", "{062CAB32-EC06-4DB2-8331-021CBB78482D}"
EndProject
Project("{FAE04EC0-301F-11D3-BF4B-00C04F79EFBC}") = "Contract", "Contract\Contract.csproj", "{F300C0DF-E6F3-4043-8FBF-45B3782CE22B}"
EndProject
Project("{FAE04EC0-301F-11D3-BF4B-00C04F79EFBC}") = "AddCounterRule", "AddCounterRule\AddCounterRule.csproj", "{A4781577-DFB2-40B8-A59C-C9286E2D6C70}"
EndProject
Project("{FAE04EC0-301F-11D3-BF4B-00C04F79EFBC}") = "ConvertToPascalCaseRule", "ConvertToPascalCaseRule\ConvertToPascalCaseRule.csproj", "{261E7170-A2B0-45A3-89C9-1690B27B0690}"
EndProject
Project("{FAE04EC0-301F-11D3-BF4B-00C04F79EFBC}") = "LowerCaseRule", "LowerCaseRule\LowerCaseRule.csproj", "{62F737AD-D0AA-46FF-A409-616A7382B661}"
EndProject
Project("{FAE04EC0-301F-11D3-BF4B-00C04F79EFBC}") = "RemoveAllSpaceRule", "RemoveAllSpaceRule\RemoveAllSpaceRule.csproj", "{D32490FA-1F8E-41AD-AD6F-56A6F2C8A826}"
EndProject
Project("{FAE04EC0-301F-11D3-BF4B-00C04F79EFBC}") = "AddPrefixRule", "AddPrefixRule\AddPrefixRule.csproj", "{D478AD87-EC0A-4D75-8445-59253773120B}"
EndProject
Project("{FAE04EC0-301F-11D3-BF4B-00C04F79EFBC}") = "ReplaceRule", "ReplaceRule\ReplaceRule.csproj", "{E72BCC16-22BF-4B2F-9EA3-A07DEB9F7570}"
EndProject
Project("{FAE04EC0-301F-11D3-BF4B-00C04F79EFBC}") = "AddSurfixRule", "AddSurfixRule\AddSurfixRule.csproj", "{980D72A7-77D9-480D-9FDF-0F46A8884B58}"
EndProject
Project("{FAE04EC0-301F-11D3-BF4B-00C04F79EFBC}") = "ChangeExtensionRule", "ChangeExtensionRule\ChangeExtensionRule.csproj", "{323F34F4-F6D1-4E8C-AB26-99C8FB3B0D8C}"
EndProject
Global
	GlobalSection(SolutionConfigurationPlatforms) = preSolution
		Debug|Any CPU = Debug|Any CPU
		Release|Any CPU = Release|Any CPU
	EndGlobalSection
	GlobalSection(ProjectConfigurationPlatforms) = postSolution
		{2434A8B2-4FA3-4238-8B8F-98B492616FC8}.Debug|Any CPU.ActiveCfg = Debug|Any CPU
		{2434A8B2-4FA3-4238-8B8F-98B492616FC8}.Debug|Any CPU.Build.0 = Debug|Any CPU
		{2434A8B2-4FA3-4238-8B8F-98B492616FC8}.Release|Any CPU.ActiveCfg = Release|Any CPU
		{2434A8B2-4FA3-4238-8B8F-98B492616FC8}.Release|Any CPU.Build.0 = Release|Any CPU
		{F300C0DF-E6F3-4043-8FBF-45B3782CE22B}.Debug|Any CPU.ActiveCfg = Debug|Any CPU
		{F300C0DF-E6F3-4043-8FBF-45B3782CE22B}.Debug|Any CPU.Build.0 = Debug|Any CPU
		{F300C0DF-E6F3-4043-8FBF-45B3782CE22B}.Release|Any CPU.ActiveCfg = Release|Any CPU
		{F300C0DF-E6F3-4043-8FBF-45B3782CE22B}.Release|Any CPU.Build.0 = Release|Any CPU
		{A4781577-DFB2-40B8-A59C-C9286E2D6C70}.Debug|Any CPU.ActiveCfg = Debug|Any CPU
		{A4781577-DFB2-40B8-A59C-C9286E2D6C70}.Debug|Any CPU.Build.0 = Debug|Any CPU
		{A4781577-DFB2-40B8-A59C-C9286E2D6C70}.Release|Any CPU.ActiveCfg = Release|Any CPU
		{A4781577-DFB2-40B8-A59C-C9286E2D6C70}.Release|Any CPU.Build.0 = Release|Any CPU
		{261E7170-A2B0-45A3-89C9-1690B27B0690}.Debug|Any CPU.ActiveCfg = Debug|Any CPU
		{261E7170-A2B0-45A3-89C9-1690B27B0690}.Debug|Any CPU.Build.0 = Debug|Any CPU
		{261E7170-A2B0-45A3-89C9-1690B27B0690}.Release|Any CPU.ActiveCfg = Release|Any CPU
		{261E7170-A2B0-45A3-89C9-1690B27B0690}.Release|Any CPU.Build.0 = Release|Any CPU
		{62F737AD-D0AA-46FF-A409-616A7382B661}.Debug|Any CPU.ActiveCfg = Debug|Any CPU
		{62F737AD-D0AA-46FF-A409-616A7382B661}.Debug|Any CPU.Build.0 = Debug|Any CPU
		{62F737AD-D0AA-46FF-A409-616A7382B661}.Release|Any CPU.ActiveCfg = Release|Any CPU
		{62F737AD-D0AA-46FF-A409-616A7382B661}.Release|Any CPU.Build.0 = Release|Any CPU
		{D32490FA-1F8E-41AD-AD6F-56A6F2C8A826}.Debug|Any CPU.ActiveCfg = Debug|Any CPU
		{D32490FA-1F8E-41AD-AD6F-56A6F2C8A826}.Debug|Any CPU.Build.0 = Debug|Any CPU
		{D32490FA-1F8E-41AD-AD6F-56A6F2C8A826}.Release|Any CPU.ActiveCfg = Release|Any CPU
		{D32490FA-1F8E-41AD-AD6F-56A6F2C8A826}.Release|Any CPU.Build.0 = Release|Any CPU
		{D478AD87-EC0A-4D75-8445-59253773120B}.Debug|Any CPU.ActiveCfg = Debug|Any CPU
		{D478AD87-EC0A-4D75-8445-59253773120B}.Debug|Any CPU.Build.0 = Debug|Any CPU
		{D478AD87-EC0A-4D75-8445-59253773120B}.Release|Any CPU.ActiveCfg = Release|Any CPU
		{D478AD87-EC0A-4D75-8445-59253773120B}.Release|Any CPU.Build.0 = Release|Any CPU
		{E72BCC16-22BF-4B2F-9EA3-A07DEB9F7570}.Debug|Any CPU.ActiveCfg = Debug|Any CPU
		{E72BCC16-22BF-4B2F-9EA3-A07DEB9F7570}.Debug|Any CPU.Build.0 = Debug|Any CPU
		{E72BCC16-22BF-4B2F-9EA3-A07DEB9F7570}.Release|Any CPU.ActiveCfg = Release|Any CPU
		{E72BCC16-22BF-4B2F-9EA3-A07DEB9F7570}.Release|Any CPU.Build.0 = Release|Any CPU
		{980D72A7-77D9-480D-9FDF-0F46A8884B58}.Debug|Any CPU.ActiveCfg = Debug|Any CPU
		{980D72A7-77D9-480D-9FDF-0F46A8884B58}.Debug|Any CPU.Build.0 = Debug|Any CPU
		{980D72A7-77D9-480D-9FDF-0F46A8884B58}.Release|Any CPU.ActiveCfg = Release|Any CPU
		{980D72A7-77D9-480D-9FDF-0F46A8884B58}.Release|Any CPU.Build.0 = Release|Any CPU
		{323F34F4-F6D1-4E8C-AB26-99C8FB3B0D8C}.Debug|Any CPU.ActiveCfg = Debug|Any CPU
		{323F34F4-F6D1-4E8C-AB26-99C8FB3B0D8C}.Debug|Any CPU.Build.0 = Debug|Any CPU
		{323F34F4-F6D1-4E8C-AB26-99C8FB3B0D8C}.Release|Any CPU.ActiveCfg = Release|Any CPU
		{323F34F4-F6D1-4E8C-AB26-99C8FB3B0D8C}.Release|Any CPU.Build.0 = Release|Any CPU
	EndGlobalSection
	GlobalSection(SolutionProperties) = preSolution
		HideSolutionNode = FALSE
	EndGlobalSection
	GlobalSection(NestedProjects) = preSolution
		{C783D79B-F86E-474C-A45F-ED3456812C41} = {6A1A5F7A-0192-40A9-A1DF-0E97BA8356E3}
		{F9DFF9BE-23A1-44CD-996C-BB88DC5A41BD} = {6A1A5F7A-0192-40A9-A1DF-0E97BA8356E3}
		{062CAB32-EC06-4DB2-8331-021CBB78482D} = {6A1A5F7A-0192-40A9-A1DF-0E97BA8356E3}
		{F300C0DF-E6F3-4043-8FBF-45B3782CE22B} = {062CAB32-EC06-4DB2-8331-021CBB78482D}
		{A4781577-DFB2-40B8-A59C-C9286E2D6C70} = {F9DFF9BE-23A1-44CD-996C-BB88DC5A41BD}
		{261E7170-A2B0-45A3-89C9-1690B27B0690} = {F9DFF9BE-23A1-44CD-996C-BB88DC5A41BD}
		{62F737AD-D0AA-46FF-A409-616A7382B661} = {F9DFF9BE-23A1-44CD-996C-BB88DC5A41BD}
		{D32490FA-1F8E-41AD-AD6F-56A6F2C8A826} = {F9DFF9BE-23A1-44CD-996C-BB88DC5A41BD}
		{D478AD87-EC0A-4D75-8445-59253773120B} = {C783D79B-F86E-474C-A45F-ED3456812C41}
		{E72BCC16-22BF-4B2F-9EA3-A07DEB9F7570} = {C783D79B-F86E-474C-A45F-ED3456812C41}
		{980D72A7-77D9-480D-9FDF-0F46A8884B58} = {C783D79B-F86E-474C-A45F-ED3456812C41}
		{323F34F4-F6D1-4E8C-AB26-99C8FB3B0D8C} = {C783D79B-F86E-474C-A45F-ED3456812C41}
	EndGlobalSection
	GlobalSection(ExtensibilityGlobals) = postSolution
		SolutionGuid = {07146AD4-C988-4010-B9AD-D5BE5D63C6B6}
	EndGlobalSection
EndGlobal
